
Microsoft Visual Studio Solution File, Format Version 12.00
# Visual Studio Version 16
VisualStudioVersion = 16.0.31424.327
MinimumVisualStudioVersion = 10.0.40219.1
Project("{FAE04EC0-301F-11D3-BF4B-00C04F79EFBC}") = "Prank", "Prank\Prank.csproj", "{EDA95F7A-0AF2-490D-9E32-B22665BE8106}"
EndProject
Global
	GlobalSection(SolutionConfigurationPlatforms) = preSolution
		Debug|Any CPU = Debug|Any CPU
		Release|Any CPU = Release|Any CPU
	EndGlobalSection
	GlobalSection(ProjectConfigurationPlatforms) = postSolution
		{EDA95F7A-0AF2-490D-9E32-B22665BE8106}.Debug|Any CPU.ActiveCfg = Debug|Any CPU
		{EDA95F7A-0AF2-490D-9E32-B22665BE8106}.Debug|Any CPU.Build.0 = Debug|Any CPU
		{EDA95F7A-0AF2-490D-9E32-B22665BE8106}.Release|Any CPU.ActiveCfg = Release|Any CPU
		{EDA95F7A-0AF2-490D-9E32-B22665BE8106}.Release|Any CPU.Build.0 = Release|Any CPU
	EndGlobalSection
	GlobalSection(SolutionProperties) = preSolution
		HideSolutionNode = FALSE
	EndGlobalSection
	GlobalSection(ExtensibilityGlobals) = postSolution
		SolutionGuid = {98038D1A-E0E6-431D-9BA0-E797542B610E}
	EndGlobalSection
EndGlobal
